# This file is automatically @generated by Cargo.
# It is not intended for manual editing.
version = 3

[[package]]
name = "args"
version = "0.1.0"
dependencies = [
 "logging",
]

[[package]]
name = "checking"
version = "0.1.0"
dependencies = [
 "jup",
 "logging",
]

[[package]]
name = "compilation"
version = "0.1.0"
dependencies = [
 "args",
 "checking",
 "jup",
 "logging",
 "objects",
 "platform",
 "x64asm",
]

[[package]]
name = "juc"
version = "0.1.0"
dependencies = [
 "args",
 "checking",
 "compilation",
 "jup",
 "logging",
 "objects",
]

[[package]]
name = "jup"
version = "0.1.0"
source = "git+https://github.com/junon-corp/jup#e18b86fef54848a8d994aa2301970f082c641039"

[[package]]
name = "logging"
version = "0.1.0"
dependencies = [
 "jup",
]

[[package]]
name = "objects"
version = "0.1.0"

[[package]]
name = "platform"
version = "0.1.0"
dependencies = [
 "logging",
]

[[package]]
name = "x64asm"
version = "0.1.0"
source = "git+https://github.com/antoninhrlt/x64asm#e0fc8a38c1ee323335a14b0b7539001b9b343d6c"
