# This file is automatically @generated by Cargo.
# It is not intended for manual editing.
version = 3

[[package]]
name = "args"
version = "0.1.0"
dependencies = [
 "rslog",
 "strings",
]

[[package]]
name = "compilation"
version = "0.1.0"
dependencies = [
 "args",
 "jup",
 "platform",
 "rslog",
 "strings",
 "x64asm 0.1.4 (git+https://github.com/antoninhrlt/x64asm)",
]

[[package]]
name = "itoa"
version = "1.0.2"
source = "registry+https://github.com/rust-lang/crates.io-index"
checksum = "112c678d4050afce233f4f2852bb2eb519230b3cf12f33585275537d7e41578d"

[[package]]
name = "juc"
version = "0.1.1"
dependencies = [
 "args",
 "compilation",
 "jup",
 "rslog",
 "strings",
]

[[package]]
name = "jup"
version = "0.1.0"
source = "git+https://github.com/junon-corp/jup#0709257a267158642294f596d8a8ae8383abdd79"
dependencies = [
 "rslog",
 "x64asm 0.1.4 (registry+https://github.com/rust-lang/crates.io-index)",
]

[[package]]
name = "platform"
version = "0.1.0"
dependencies = [
 "rslog",
]

[[package]]
name = "proc-macro2"
version = "1.0.40"
source = "registry+https://github.com/rust-lang/crates.io-index"
checksum = "dd96a1e8ed2596c337f8eae5f24924ec83f5ad5ab21ea8e455d3566c69fbcaf7"
dependencies = [
 "unicode-ident",
]

[[package]]
name = "quote"
version = "1.0.20"
source = "registry+https://github.com/rust-lang/crates.io-index"
checksum = "3bcdf212e9776fbcb2d23ab029360416bb1706b1aea2d1a5ba002727cbcab804"
dependencies = [
 "proc-macro2",
]

[[package]]
name = "rslog"
version = "0.1.0"
source = "git+https://github.com/antoninhrlt/rslog#905b6304c0673ac2230294f5aa7e5ed7ea27bdc1"

[[package]]
name = "ryu"
version = "1.0.10"
source = "registry+https://github.com/rust-lang/crates.io-index"
checksum = "f3f6f92acf49d1b98f7a81226834412ada05458b7364277387724a237f062695"

[[package]]
name = "serde"
version = "1.0.140"
source = "registry+https://github.com/rust-lang/crates.io-index"
checksum = "fc855a42c7967b7c369eb5860f7164ef1f6f81c20c7cc1141f2a604e18723b03"
dependencies = [
 "serde_derive",
]

[[package]]
name = "serde_derive"
version = "1.0.140"
source = "registry+https://github.com/rust-lang/crates.io-index"
checksum = "6f2122636b9fe3b81f1cb25099fcf2d3f542cdb1d45940d56c713158884a05da"
dependencies = [
 "proc-macro2",
 "quote",
 "syn",
]

[[package]]
name = "serde_json"
version = "1.0.82"
source = "registry+https://github.com/rust-lang/crates.io-index"
checksum = "82c2c1fdcd807d1098552c5b9a36e425e42e9fbd7c6a37a8425f390f781f7fa7"
dependencies = [
 "itoa",
 "ryu",
 "serde",
]

[[package]]
name = "strings"
version = "0.1.0"
dependencies = [
 "serde",
 "serde_json",
]

[[package]]
name = "syn"
version = "1.0.98"
source = "registry+https://github.com/rust-lang/crates.io-index"
checksum = "c50aef8a904de4c23c788f104b7dddc7d6f79c647c7c8ce4cc8f73eb0ca773dd"
dependencies = [
 "proc-macro2",
 "quote",
 "unicode-ident",
]

[[package]]
name = "unicode-ident"
version = "1.0.2"
source = "registry+https://github.com/rust-lang/crates.io-index"
checksum = "15c61ba63f9235225a22310255a29b806b907c9b8c964bcbd0a2c70f3f2deea7"

[[package]]
name = "x64asm"
version = "0.1.4"
source = "registry+https://github.com/rust-lang/crates.io-index"
checksum = "583ee462b1e691460226fdb143bc1cc99b3be29d7268b45d9de7adfd72e91cee"

[[package]]
name = "x64asm"
version = "0.1.4"
source = "git+https://github.com/antoninhrlt/x64asm#1094c0a7bbe598e0c97055b91f49dffac9fa0a67"
